
Microsoft Visual Studio Solution File, Format Version 12.00
# Visual Studio Version 16
VisualStudioVersion = 16.0.29728.190
MinimumVisualStudioVersion = 10.0.40219.1
Project("{9A19103F-16F7-4668-BE54-9A1E7A4F7556}") = "SpecularMerMaps", "SpecularMerMaps\SpecularMerMaps.csproj", "{3AAF2AEE-34DF-435C-84B8-C0A178A7505E}"
EndProject
Global
	GlobalSection(SolutionConfigurationPlatforms) = preSolution
		Debug|Any CPU = Debug|Any CPU
		Release|Any CPU = Release|Any CPU
	EndGlobalSection
	GlobalSection(ProjectConfigurationPlatforms) = postSolution
		{3AAF2AEE-34DF-435C-84B8-C0A178A7505E}.Debug|Any CPU.ActiveCfg = Debug|Any CPU
		{3AAF2AEE-34DF-435C-84B8-C0A178A7505E}.Debug|Any CPU.Build.0 = Debug|Any CPU
		{3AAF2AEE-34DF-435C-84B8-C0A178A7505E}.Release|Any CPU.ActiveCfg = Release|Any CPU
		{3AAF2AEE-34DF-435C-84B8-C0A178A7505E}.Release|Any CPU.Build.0 = Release|Any CPU
	EndGlobalSection
	GlobalSection(SolutionProperties) = preSolution
		HideSolutionNode = FALSE
	EndGlobalSection
	GlobalSection(ExtensibilityGlobals) = postSolution
		SolutionGuid = {8CC6AC30-2592-4DC0-8DCB-1893946AAAB8}
	EndGlobalSection
EndGlobal
